
Microsoft Visual Studio Solution File, Format Version 12.00
# Visual Studio Version 16
VisualStudioVersion = 16.0.33328.57
MinimumVisualStudioVersion = 10.0.40219.1
Project("{FAE04EC0-301F-11D3-BF4B-00C04F79EFBC}") = "FileChange", "FileChange\FileChange.csproj", "{80C3DA02-90CC-4772-940F-B81370895000}"
EndProject
Global
	GlobalSection(SolutionConfigurationPlatforms) = preSolution
		Debug|Any CPU = Debug|Any CPU
		Release|Any CPU = Release|Any CPU
	EndGlobalSection
	GlobalSection(ProjectConfigurationPlatforms) = postSolution
		{80C3DA02-90CC-4772-940F-B81370895000}.Debug|Any CPU.ActiveCfg = Debug|Any CPU
		{80C3DA02-90CC-4772-940F-B81370895000}.Debug|Any CPU.Build.0 = Debug|Any CPU
		{80C3DA02-90CC-4772-940F-B81370895000}.Release|Any CPU.ActiveCfg = Release|Any CPU
		{80C3DA02-90CC-4772-940F-B81370895000}.Release|Any CPU.Build.0 = Release|Any CPU
	EndGlobalSection
	GlobalSection(SolutionProperties) = preSolution
		HideSolutionNode = FALSE
	EndGlobalSection
	GlobalSection(ExtensibilityGlobals) = postSolution
		SolutionGuid = {74CDC581-CD2A-494C-9FC6-1D5BB9863A7C}
	EndGlobalSection
EndGlobal
